{
  "originHash" : "de06b0cbecd4ac74bed7a5a2086cedcdf4135b8067e7294dc62d0fd539de5d40",
  "pins" : [
    {
      "identity" : "swiftmediametadata",
      "kind" : "remoteSourceControl",
      "location" : "https://github.com/aagedal/SwiftMediaMetadata.git",
      "state" : {
        "revision" : "94c34f1a2562a8679694eed8ea7113e524cbd2e4",
        "version" : "2.0.0"
      }
    }
  ],
  "version" : 3
}
