// !$*UTF8*$!
{
	archiveVersion = 1;
	classes = {
	};
	objectVersion = 77;
	objects = {

/* Begin PBXBuildFile section */
		02ECC949E0CD2F017A4C7D26 /* JobRepositoryTests.swift in Sources */ = {isa = PBXBuildFile; fileRef = E29CC609150B77D9F9FCA70E /* JobRepositoryTests.swift */; };
		02FF57E6BFBFF76A9457E642 /* SyncFailureRepository.swift in Sources */ = {isa = PBXBuildFile; fileRef = 91F14102B4F8D6DAEF14EC8A /* SyncFailureRepository.swift */; };
		05E43D6C687890BD0C418A0F /* MetadataProgrammingCoordinatorTests.swift in Sources */ = {isa = PBXBuildFile; fileRef = 96BEB9DB3BA25A81D2C50D52 /* MetadataProgrammingCoordinatorTests.swift */; };
		0837FDF547FB63BE4AE4953C /* LaunchAtLoginCoordinator.swift in Sources */ = {isa = PBXBuildFile; fileRef = 52D1BE257268E13A9E61907D /* LaunchAtLoginCoordinator.swift */; };
		0AAA481F3C385626316506D1 /* SFTPTransport.swift in Sources */ = {isa = PBXBuildFile; fileRef = 5A410C80EF820D8FCA6B3000 /* SFTPTransport.swift */; };
		0AC37DE8ECE3F49643FBBA65 /* SyncJobValidationTests.swift in Sources */ = {isa = PBXBuildFile; fileRef = 95047C158288E644416B7E05 /* SyncJobValidationTests.swift */; };
		0F49E4F6EC05AB6395A4F2FA /* ConfigurationTransferTests.swift in Sources */ = {isa = PBXBuildFile; fileRef = D0EAD657F152BADDBE31F18A /* ConfigurationTransferTests.swift */; };
		192D43F2E6579A284084377B /* SyncRuntimeSupport.swift in Sources */ = {isa = PBXBuildFile; fileRef = 5E93E3863E7CE51C640F3CCF /* SyncRuntimeSupport.swift */; };
		199442414D584BE62BC63D41 /* ServerSettingsView.swift in Sources */ = {isa = PBXBuildFile; fileRef = 0D340066C59960A94C5981FE /* ServerSettingsView.swift */; };
		1BDDAFDC5384482ED3F2DC81 /* SyncEventLogger.swift in Sources */ = {isa = PBXBuildFile; fileRef = 07320ACC5291F1191BAA2E4C /* SyncEventLogger.swift */; };
		1DB2D9D4B7FBCDEC3164FC84 /* MetadataPreviewAndRecoveryTests.swift in Sources */ = {isa = PBXBuildFile; fileRef = 2153155F850DC3D8E89847FE /* MetadataPreviewAndRecoveryTests.swift */; };
		232530E47CDEBD0A8D35EA9D /* EndpointSession.swift in Sources */ = {isa = PBXBuildFile; fileRef = B6F8355FC14D367480034FA8 /* EndpointSession.swift */; };
		269D04476AEC3E54C0FF8A90 /* DeliveryLatencyBenchmarkTests.swift in Sources */ = {isa = PBXBuildFile; fileRef = 12EC7ADB08DA171C5517C6D0 /* DeliveryLatencyBenchmarkTests.swift */; };
		28ED5673B1733B048EC9445D /* ServerProfileRepositoryTests.swift in Sources */ = {isa = PBXBuildFile; fileRef = E0AB176BB0302BDD7BEE6ED8 /* ServerProfileRepositoryTests.swift */; };
		2B397304BF5CD4EC6FD1488A /* FTPConnection.swift in Sources */ = {isa = PBXBuildFile; fileRef = 619AB2C07F959ECA6F57E2BD /* FTPConnection.swift */; };
		2F375E24D00A933DA38FD157 /* JobRepository.swift in Sources */ = {isa = PBXBuildFile; fileRef = DBC455448901CCC142FAFA0C /* JobRepository.swift */; };
		35861BD0DE6E6C56ED72FB75 /* LocalEndpointSession.swift in Sources */ = {isa = PBXBuildFile; fileRef = A38A09C0D87C85E49CD89FF8 /* LocalEndpointSession.swift */; };
		36C73987519CE57EFD1F068D /* PhotographerProfileRepositoryTests.swift in Sources */ = {isa = PBXBuildFile; fileRef = C32736AE6B9B34F74267A9AF /* PhotographerProfileRepositoryTests.swift */; };
		38B29BE049016282DC7EF250 /* FolderBookmark.swift in Sources */ = {isa = PBXBuildFile; fileRef = 5EDD38DA7C2A9FF12C640FA1 /* FolderBookmark.swift */; };
		40F18EDD7BB03117ADC14464 /* MetadataProgrammingCoordinator.swift in Sources */ = {isa = PBXBuildFile; fileRef = 6D1E4B1B6D1EC921FAB3E2C5 /* MetadataProgrammingCoordinator.swift */; };
		41FAF788C416FBC243B52EBD /* MetadataAuditTrailView.swift in Sources */ = {isa = PBXBuildFile; fileRef = 4AF30957A97DA611D3EF011D /* MetadataAuditTrailView.swift */; };
		4251AC983A19E2B72A16D6F1 /* MetadataAuditRepository.swift in Sources */ = {isa = PBXBuildFile; fileRef = 11EEAAEEA8F25FFA2893352E /* MetadataAuditRepository.swift */; };
		42674EE8F66813EA860B4A7B /* MetadataPresetTests.swift in Sources */ = {isa = PBXBuildFile; fileRef = DCC0FC21B2F27B7B2EDD14FE /* MetadataPresetTests.swift */; };
		49FF023ECBFBE4B27037A37D /* SyncEngine.swift in Sources */ = {isa = PBXBuildFile; fileRef = A2BEBFCBDD620232A1D0C014 /* SyncEngine.swift */; };
		52E139C2169CE507A045D79D /* PathSafety.swift in Sources */ = {isa = PBXBuildFile; fileRef = D100CDE9EC3EF2B672A4EC7E /* PathSafety.swift */; };
		53D891D5E1AB32B8F7B35F9A /* MetadataPresetRepository.swift in Sources */ = {isa = PBXBuildFile; fileRef = 60E0E09FD8169213D49FACE8 /* MetadataPresetRepository.swift */; };
		55A135CDA7E6147620C9F303 /* KeychainStore.swift in Sources */ = {isa = PBXBuildFile; fileRef = 052561673651EFAEC20483A2 /* KeychainStore.swift */; };
		5662C3ECC707EE19CDE34F51 /* ConfigurationTransferCoordinatorTests.swift in Sources */ = {isa = PBXBuildFile; fileRef = 61206E0435FCE509729F69A0 /* ConfigurationTransferCoordinatorTests.swift */; };
		5924A4106BF442BB4DE764B0 /* MetadataPreview.swift in Sources */ = {isa = PBXBuildFile; fileRef = D7F63E1167F0C4B8DD60E70E /* MetadataPreview.swift */; };
		5ADE536567FA896B1319AB32 /* MetadataAudit.swift in Sources */ = {isa = PBXBuildFile; fileRef = 8DF972CA42278237F9D4F9F1 /* MetadataAudit.swift */; };
		5C34E41AD9A2ED138D0CBA51 /* AagedalFTPSyncApp.swift in Sources */ = {isa = PBXBuildFile; fileRef = A020FD65B833FE80CEB305B3 /* AagedalFTPSyncApp.swift */; };
		5DF45552E9881AE39715DC8C /* FTPEndpointSession.swift in Sources */ = {isa = PBXBuildFile; fileRef = 0CEF232CFDC8CC57E89363BB /* FTPEndpointSession.swift */; };
		5FD9FAE8DB564E8AB7B74237 /* MetadataPhotographerViews.swift in Sources */ = {isa = PBXBuildFile; fileRef = 312739F289E7DEE5475728B9 /* MetadataPhotographerViews.swift */; };
		643C37FA6F70828858D71250 /* FileFilterTests.swift in Sources */ = {isa = PBXBuildFile; fileRef = BC25AACD3C7F08B23B371518 /* FileFilterTests.swift */; };
		649027A87547FE310DC4E8E5 /* MetadataPreset.swift in Sources */ = {isa = PBXBuildFile; fileRef = 2E65EC551E128F2CEA855514 /* MetadataPreset.swift */; };
		666D1401F6F716D1AEF810BA /* MetadataWriter.swift in Sources */ = {isa = PBXBuildFile; fileRef = 9F668C295458EA4DCCB46EF8 /* MetadataWriter.swift */; };
		68B68175A5690C2817E2E2C2 /* AppPersistenceCoordinatorTests.swift in Sources */ = {isa = PBXBuildFile; fileRef = 4FA2EE5D72C430D4544BFF2A /* AppPersistenceCoordinatorTests.swift */; };
		6A864A27210E8CDFE1DE4FC5 /* AppError.swift in Sources */ = {isa = PBXBuildFile; fileRef = 3C0B9F766C78243FC5FFFB07 /* AppError.swift */; };
		7217A36321EAD9ECD0CC69FE /* SSHHostKeyFingerprintTests.swift in Sources */ = {isa = PBXBuildFile; fileRef = EDFDBE6187BE47D3DA7E605E /* SSHHostKeyFingerprintTests.swift */; };
		7256FA98B119B810B339DDB9 /* ServerProfile.swift in Sources */ = {isa = PBXBuildFile; fileRef = E7AF60A3923F21701F379868 /* ServerProfile.swift */; };
		76B434A2DBF3769A17310DE3 /* AppPersistenceCoordinator.swift in Sources */ = {isa = PBXBuildFile; fileRef = EE20E0C1B29F4F92DD057885 /* AppPersistenceCoordinator.swift */; };
		7783E7951621289631F1B98A /* SSHHostKeyFingerprint.swift in Sources */ = {isa = PBXBuildFile; fileRef = 5CCB321C1FE43CEDC8865882 /* SSHHostKeyFingerprint.swift */; };
		78FA1B86AA36E6601A1CD68E /* MetadataAuditTests.swift in Sources */ = {isa = PBXBuildFile; fileRef = 07B39CBB757E875BE7C71E39 /* MetadataAuditTests.swift */; };
		7B7FFFC8046C8E72BEA98C4C /* SwiftMediaMetadata in Frameworks */ = {isa = PBXBuildFile; productRef = B66A13BC50FAC5260C223549 /* SwiftMediaMetadata */; };
		7C2A82E72FDC2C0AB1F73C5D /* MetadataLibraryCoordinator.swift in Sources */ = {isa = PBXBuildFile; fileRef = 890826A7102C45494742574C /* MetadataLibraryCoordinator.swift */; };
		7DA7775DF56E2282A2036362 /* UITestSupport.swift in Sources */ = {isa = PBXBuildFile; fileRef = 3FACE3FD67ADE245F727458D /* UITestSupport.swift */; };
		8107516DA815844F70179329 /* MetadataPreviewViews.swift in Sources */ = {isa = PBXBuildFile; fileRef = A7D1E5EDE9A608C2C40F07A4 /* MetadataPreviewViews.swift */; };
		869C3F20F6579EC38F1DCC53 /* MenuBarView.swift in Sources */ = {isa = PBXBuildFile; fileRef = FE6F803C3B092319AAFD4845 /* MenuBarView.swift */; };
		9453177603F487C96FF5B9E1 /* PhotographerMapView.swift in Sources */ = {isa = PBXBuildFile; fileRef = 6D08A4DCF03FB39971112D2D /* PhotographerMapView.swift */; };
		956B364A51DE2F3F84CD18BD /* MetadataAutomation.swift in Sources */ = {isa = PBXBuildFile; fileRef = F02E14B784149DDFFF502ADA /* MetadataAutomation.swift */; };
		9BE974E35F14A02DD16B33DC /* Endpoint.swift in Sources */ = {isa = PBXBuildFile; fileRef = 937FD9EED413E474E9F6903E /* Endpoint.swift */; };
		A0534370D1A62D35C61FCBBC /* SyncSchedulerTests.swift in Sources */ = {isa = PBXBuildFile; fileRef = 78AC91617DD666A454615C1A /* SyncSchedulerTests.swift */; };
		A0863F1D6C4FD686BDA2D700 /* PathSafetyTests.swift in Sources */ = {isa = PBXBuildFile; fileRef = C502318E99DE80F0847AFF6E /* PathSafetyTests.swift */; };
		A1923F1FD1A91F340A95C9D6 /* SourceSignatureRepositoryTests.swift in Sources */ = {isa = PBXBuildFile; fileRef = 08A451EA9979512369078E47 /* SourceSignatureRepositoryTests.swift */; };
		A39D8D510D17211A72708044 /* SyncJob.swift in Sources */ = {isa = PBXBuildFile; fileRef = D33608A378F662B9B2EB5B3D /* SyncJob.swift */; };
		A3FE2D8BFC1145F0C306FAE4 /* MetadataAutomationTests.swift in Sources */ = {isa = PBXBuildFile; fileRef = E45C7CB10B1E196CE6CF8CD5 /* MetadataAutomationTests.swift */; };
		ABFA8B6182B8EED1E091C7D7 /* SwiftMediaMetadata in Frameworks */ = {isa = PBXBuildFile; productRef = 91BAA681FF6474768817AC73 /* SwiftMediaMetadata */; };
		ADC5FA9C93F5B977E852ADD9 /* Citadel in Frameworks */ = {isa = PBXBuildFile; productRef = 746688A9934E8F2A54705932 /* Citadel */; };
		B2778FECE9235A88F9E701C2 /* AboutView.swift in Sources */ = {isa = PBXBuildFile; fileRef = A5995C30E1D15D202FBAEE40 /* AboutView.swift */; };
		B303A6F6AA4B34C4F7A15E42 /* MetadataProgrammingView.swift in Sources */ = {isa = PBXBuildFile; fileRef = 821EDDD4C943D4CCD4CB022D /* MetadataProgrammingView.swift */; };
		B8C9B52AA27DA2584D616040 /* SupportBundleTests.swift in Sources */ = {isa = PBXBuildFile; fileRef = 57FCBE667F129FE47DF1CB07 /* SupportBundleTests.swift */; };
		BC36CDB0B183847E2378C219 /* RemoteTransportIntegrationTests.swift in Sources */ = {isa = PBXBuildFile; fileRef = A2AEF7D0A53A78EB585175E2 /* RemoteTransportIntegrationTests.swift */; };
		BDBD311ADEDD373B29AD3937 /* AagedalFTPSyncSmokeTests.swift in Sources */ = {isa = PBXBuildFile; fileRef = BF900C39827A06F26F21FF1A /* AagedalFTPSyncSmokeTests.swift */; };
		BE2DC8F5F2557D986C3F6EE3 /* PhotographerSettingsView.swift in Sources */ = {isa = PBXBuildFile; fileRef = 329E3435991E5099C5DB51A6 /* PhotographerSettingsView.swift */; };
		C2F639F1B66CDCC841EA3927 /* PhotographerProfileRepository.swift in Sources */ = {isa = PBXBuildFile; fileRef = 6BEF64F5094273F5CED52D82 /* PhotographerProfileRepository.swift */; };
		C362A55DC6EC0537A118D6EE /* BookmarkAccess.swift in Sources */ = {isa = PBXBuildFile; fileRef = 5447B2211E64F445CD7DE075 /* BookmarkAccess.swift */; };
		C66E4381C7CA8F6FBE290F3B /* ConfigurationTransfer.swift in Sources */ = {isa = PBXBuildFile; fileRef = 73E4E8584F7A5AFA53BC9190 /* ConfigurationTransfer.swift */; };
		C9EDCB099A8BF469B146AE0E /* JobDetailEditor.swift in Sources */ = {isa = PBXBuildFile; fileRef = A76827BE4BCD54BAAE42FE36 /* JobDetailEditor.swift */; };
		CA34F3079F56DC562248F942 /* EndpointEditor.swift in Sources */ = {isa = PBXBuildFile; fileRef = 4A1B40E9EED67D6C74811BBE /* EndpointEditor.swift */; };
		D1D2DA2739749BFBAE1118A4 /* SupportBundle.swift in Sources */ = {isa = PBXBuildFile; fileRef = D1F61EC3ED2F318802DDF460 /* SupportBundle.swift */; };
		D225A424E360048E57D289F9 /* JobEditingSession.swift in Sources */ = {isa = PBXBuildFile; fileRef = 04FC16304FAD1EE7D8FE7C2E /* JobEditingSession.swift */; };
		D625A9426837FBFCE6087393 /* AppStore.swift in Sources */ = {isa = PBXBuildFile; fileRef = 61136E820F1A8F3D7FAF5091 /* AppStore.swift */; };
		DA9400038E9517D826EB6884 /* ConfigurationTransferCoordinator.swift in Sources */ = {isa = PBXBuildFile; fileRef = BA9524A5EE736DEEEC94976B /* ConfigurationTransferCoordinator.swift */; };
		DAED589186E8BE67B3012070 /* MetadataTimelineViews.swift in Sources */ = {isa = PBXBuildFile; fileRef = 55EEEC723D4E4695B25EFAC9 /* MetadataTimelineViews.swift */; };
		DC1FF0B0F1590933DFEB5D6D /* LocalSyncIntegrationTests.swift in Sources */ = {isa = PBXBuildFile; fileRef = D0C9F952969D2D03BFCC3221 /* LocalSyncIntegrationTests.swift */; };
		E296EA00ACFAF5AE7432F629 /* JobsWindowView.swift in Sources */ = {isa = PBXBuildFile; fileRef = AED8A942C6CBC2911165A52D /* JobsWindowView.swift */; };
		EA92EB4FBB105356154EC1DA /* FTPListingTests.swift in Sources */ = {isa = PBXBuildFile; fileRef = 21199D2C1CA349452587E48F /* FTPListingTests.swift */; };
		EB2EE8A97813CC0D300FE9C3 /* SyncEventLoggerTests.swift in Sources */ = {isa = PBXBuildFile; fileRef = E5335018C1256A3299113AB0 /* SyncEventLoggerTests.swift */; };
		ED4367626D92A99789B81C35 /* SFTPEndpointSession.swift in Sources */ = {isa = PBXBuildFile; fileRef = 1230146607A0960638643931 /* SFTPEndpointSession.swift */; };
		EF49DF30560E2C2A87147711 /* SourceSignatureRepository.swift in Sources */ = {isa = PBXBuildFile; fileRef = 679AE22A6DA5596AB0D08913 /* SourceSignatureRepository.swift */; };
		F740FAA73212115FCB852FAE /* SyncScheduler.swift in Sources */ = {isa = PBXBuildFile; fileRef = 25C577F4C00B53FEE0AEAEC4 /* SyncScheduler.swift */; };
		F9587CBD6566871E67AB6A61 /* ServerProfileRepository.swift in Sources */ = {isa = PBXBuildFile; fileRef = D288034277BC7727C71C3304 /* ServerProfileRepository.swift */; };
		FD6B4E4D3B7906C933964D9C /* Assets.xcassets in Resources */ = {isa = PBXBuildFile; fileRef = B2745B822AD45CDF06BB3463 /* Assets.xcassets */; };
		FFE30C3E978D3DA849C1A90A /* ConfigurationTransferView.swift in Sources */ = {isa = PBXBuildFile; fileRef = 44DC5631E8E1F2C557CA626F /* ConfigurationTransferView.swift */; };
/* End PBXBuildFile section */

/* Begin PBXContainerItemProxy section */
		28E9370C8CA217F1504E54F5 /* PBXContainerItemProxy */ = {
			isa = PBXContainerItemProxy;
			containerPortal = 30B6AFF73EC261E9E5C611F4 /* Project object */;
			proxyType = 1;
			remoteGlobalIDString = 1C493DABAD34DF55272221B5;
			remoteInfo = AagedalFTPSync;
		};
		B7FCAA343AC6D1358065DD15 /* PBXContainerItemProxy */ = {
			isa = PBXContainerItemProxy;
			containerPortal = 30B6AFF73EC261E9E5C611F4 /* Project object */;
			proxyType = 1;
			remoteGlobalIDString = 1C493DABAD34DF55272221B5;
			remoteInfo = AagedalFTPSync;
		};
/* End PBXContainerItemProxy section */

/* Begin PBXFileReference section */
		04FC16304FAD1EE7D8FE7C2E /* JobEditingSession.swift */ = {isa = PBXFileReference; lastKnownFileType = sourcecode.swift; path = JobEditingSession.swift; sourceTree = "<group>"; };
		052561673651EFAEC20483A2 /* KeychainStore.swift */ = {isa = PBXFileReference; lastKnownFileType = sourcecode.swift; path = KeychainStore.swift; sourceTree = "<group>"; };
		07320ACC5291F1191BAA2E4C /* SyncEventLogger.swift */ = {isa = PBXFileReference; lastKnownFileType = sourcecode.swift; path = SyncEventLogger.swift; sourceTree = "<group>"; };
		07B39CBB757E875BE7C71E39 /* MetadataAuditTests.swift */ = {isa = PBXFileReference; lastKnownFileType = sourcecode.swift; path = MetadataAuditTests.swift; sourceTree = "<group>"; };
		08A451EA9979512369078E47 /* SourceSignatureRepositoryTests.swift */ = {isa = PBXFileReference; lastKnownFileType = sourcecode.swift; path = SourceSignatureRepositoryTests.swift; sourceTree = "<group>"; };
		0CEF232CFDC8CC57E89363BB /* FTPEndpointSession.swift */ = {isa = PBXFileReference; lastKnownFileType = sourcecode.swift; path = FTPEndpointSession.swift; sourceTree = "<group>"; };
		0D340066C59960A94C5981FE /* ServerSettingsView.swift */ = {isa = PBXFileReference; lastKnownFileType = sourcecode.swift; path = ServerSettingsView.swift; sourceTree = "<group>"; };
		11EEAAEEA8F25FFA2893352E /* MetadataAuditRepository.swift */ = {isa = PBXFileReference; lastKnownFileType = sourcecode.swift; path = MetadataAuditRepository.swift; sourceTree = "<group>"; };
		1230146607A0960638643931 /* SFTPEndpointSession.swift */ = {isa = PBXFileReference; lastKnownFileType = sourcecode.swift; path = SFTPEndpointSession.swift; sourceTree = "<group>"; };
		12EC7ADB08DA171C5517C6D0 /* DeliveryLatencyBenchmarkTests.swift */ = {isa = PBXFileReference; lastKnownFileType = sourcecode.swift; path = DeliveryLatencyBenchmarkTests.swift; sourceTree = "<group>"; };
		21199D2C1CA349452587E48F /* FTPListingTests.swift */ = {isa = PBXFileReference; lastKnownFileType = sourcecode.swift; path = FTPListingTests.swift; sourceTree = "<group>"; };
		2153155F850DC3D8E89847FE /* MetadataPreviewAndRecoveryTests.swift */ = {isa = PBXFileReference; lastKnownFileType = sourcecode.swift; path = MetadataPreviewAndRecoveryTests.swift; sourceTree = "<group>"; };
		25C577F4C00B53FEE0AEAEC4 /* SyncScheduler.swift */ = {isa = PBXFileReference; lastKnownFileType = sourcecode.swift; path = SyncScheduler.swift; sourceTree = "<group>"; };
		2E65EC551E128F2CEA855514 /* MetadataPreset.swift */ = {isa = PBXFileReference; lastKnownFileType = sourcecode.swift; path = MetadataPreset.swift; sourceTree = "<group>"; };
		312739F289E7DEE5475728B9 /* MetadataPhotographerViews.swift */ = {isa = PBXFileReference; lastKnownFileType = sourcecode.swift; path = MetadataPhotographerViews.swift; sourceTree = "<group>"; };
		329E3435991E5099C5DB51A6 /* PhotographerSettingsView.swift */ = {isa = PBXFileReference; lastKnownFileType = sourcecode.swift; path = PhotographerSettingsView.swift; sourceTree = "<group>"; };
		3C0B9F766C78243FC5FFFB07 /* AppError.swift */ = {isa = PBXFileReference; lastKnownFileType = sourcecode.swift; path = AppError.swift; sourceTree = "<group>"; };
		3FACE3FD67ADE245F727458D /* UITestSupport.swift */ = {isa = PBXFileReference; lastKnownFileType = sourcecode.swift; path = UITestSupport.swift; sourceTree = "<group>"; };
		44DC5631E8E1F2C557CA626F /* ConfigurationTransferView.swift */ = {isa = PBXFileReference; lastKnownFileType = sourcecode.swift; path = ConfigurationTransferView.swift; sourceTree = "<group>"; };
		4A1B40E9EED67D6C74811BBE /* EndpointEditor.swift */ = {isa = PBXFileReference; lastKnownFileType = sourcecode.swift; path = EndpointEditor.swift; sourceTree = "<group>"; };
		4AF30957A97DA611D3EF011D /* MetadataAuditTrailView.swift */ = {isa = PBXFileReference; lastKnownFileType = sourcecode.swift; path = MetadataAuditTrailView.swift; sourceTree = "<group>"; };
		4FA2EE5D72C430D4544BFF2A /* AppPersistenceCoordinatorTests.swift */ = {isa = PBXFileReference; lastKnownFileType = sourcecode.swift; path = AppPersistenceCoordinatorTests.swift; sourceTree = "<group>"; };
		52D1BE257268E13A9E61907D /* LaunchAtLoginCoordinator.swift */ = {isa = PBXFileReference; lastKnownFileType = sourcecode.swift; path = LaunchAtLoginCoordinator.swift; sourceTree = "<group>"; };
		5447B2211E64F445CD7DE075 /* BookmarkAccess.swift */ = {isa = PBXFileReference; lastKnownFileType = sourcecode.swift; path = BookmarkAccess.swift; sourceTree = "<group>"; };
		55EEEC723D4E4695B25EFAC9 /* MetadataTimelineViews.swift */ = {isa = PBXFileReference; lastKnownFileType = sourcecode.swift; path = MetadataTimelineViews.swift; sourceTree = "<group>"; };
		57FCBE667F129FE47DF1CB07 /* SupportBundleTests.swift */ = {isa = PBXFileReference; lastKnownFileType = sourcecode.swift; path = SupportBundleTests.swift; sourceTree = "<group>"; };
		5A410C80EF820D8FCA6B3000 /* SFTPTransport.swift */ = {isa = PBXFileReference; lastKnownFileType = sourcecode.swift; path = SFTPTransport.swift; sourceTree = "<group>"; };
		5CCB321C1FE43CEDC8865882 /* SSHHostKeyFingerprint.swift */ = {isa = PBXFileReference; lastKnownFileType = sourcecode.swift; path = SSHHostKeyFingerprint.swift; sourceTree = "<group>"; };
		5E93E3863E7CE51C640F3CCF /* SyncRuntimeSupport.swift */ = {isa = PBXFileReference; lastKnownFileType = sourcecode.swift; path = SyncRuntimeSupport.swift; sourceTree = "<group>"; };
		5EDD38DA7C2A9FF12C640FA1 /* FolderBookmark.swift */ = {isa = PBXFileReference; lastKnownFileType = sourcecode.swift; path = FolderBookmark.swift; sourceTree = "<group>"; };
		60E0E09FD8169213D49FACE8 /* MetadataPresetRepository.swift */ = {isa = PBXFileReference; lastKnownFileType = sourcecode.swift; path = MetadataPresetRepository.swift; sourceTree = "<group>"; };
		61136E820F1A8F3D7FAF5091 /* AppStore.swift */ = {isa = PBXFileReference; lastKnownFileType = sourcecode.swift; path = AppStore.swift; sourceTree = "<group>"; };
		611ECBA31E1D473200F506F6 /* AagedalFTPSyncTests.xctest */ = {isa = PBXFileReference; explicitFileType = wrapper.cfbundle; includeInIndex = 0; path = AagedalFTPSyncTests.xctest; sourceTree = BUILT_PRODUCTS_DIR; };
		61206E0435FCE509729F69A0 /* ConfigurationTransferCoordinatorTests.swift */ = {isa = PBXFileReference; lastKnownFileType = sourcecode.swift; path = ConfigurationTransferCoordinatorTests.swift; sourceTree = "<group>"; };
		619AB2C07F959ECA6F57E2BD /* FTPConnection.swift */ = {isa = PBXFileReference; lastKnownFileType = sourcecode.swift; path = FTPConnection.swift; sourceTree = "<group>"; };
		679AE22A6DA5596AB0D08913 /* SourceSignatureRepository.swift */ = {isa = PBXFileReference; lastKnownFileType = sourcecode.swift; path = SourceSignatureRepository.swift; sourceTree = "<group>"; };
		6BEF64F5094273F5CED52D82 /* PhotographerProfileRepository.swift */ = {isa = PBXFileReference; lastKnownFileType = sourcecode.swift; path = PhotographerProfileRepository.swift; sourceTree = "<group>"; };
		6D08A4DCF03FB39971112D2D /* PhotographerMapView.swift */ = {isa = PBXFileReference; lastKnownFileType = sourcecode.swift; path = PhotographerMapView.swift; sourceTree = "<group>"; };
		6D1E4B1B6D1EC921FAB3E2C5 /* MetadataProgrammingCoordinator.swift */ = {isa = PBXFileReference; lastKnownFileType = sourcecode.swift; path = MetadataProgrammingCoordinator.swift; sourceTree = "<group>"; };
		6F05D3285F6038B42E80EF63 /* AagedalFTPSync.entitlements */ = {isa = PBXFileReference; lastKnownFileType = text.plist.entitlements; path = AagedalFTPSync.entitlements; sourceTree = "<group>"; };
		73E4E8584F7A5AFA53BC9190 /* ConfigurationTransfer.swift */ = {isa = PBXFileReference; lastKnownFileType = sourcecode.swift; path = ConfigurationTransfer.swift; sourceTree = "<group>"; };
		78AC91617DD666A454615C1A /* SyncSchedulerTests.swift */ = {isa = PBXFileReference; lastKnownFileType = sourcecode.swift; path = SyncSchedulerTests.swift; sourceTree = "<group>"; };
		821EDDD4C943D4CCD4CB022D /* MetadataProgrammingView.swift */ = {isa = PBXFileReference; lastKnownFileType = sourcecode.swift; path = MetadataProgrammingView.swift; sourceTree = "<group>"; };
		890826A7102C45494742574C /* MetadataLibraryCoordinator.swift */ = {isa = PBXFileReference; lastKnownFileType = sourcecode.swift; path = MetadataLibraryCoordinator.swift; sourceTree = "<group>"; };
		8DF972CA42278237F9D4F9F1 /* MetadataAudit.swift */ = {isa = PBXFileReference; lastKnownFileType = sourcecode.swift; path = MetadataAudit.swift; sourceTree = "<group>"; };
		91F14102B4F8D6DAEF14EC8A /* SyncFailureRepository.swift */ = {isa = PBXFileReference; lastKnownFileType = sourcecode.swift; path = SyncFailureRepository.swift; sourceTree = "<group>"; };
		937FD9EED413E474E9F6903E /* Endpoint.swift */ = {isa = PBXFileReference; lastKnownFileType = sourcecode.swift; path = Endpoint.swift; sourceTree = "<group>"; };
		95047C158288E644416B7E05 /* SyncJobValidationTests.swift */ = {isa = PBXFileReference; lastKnownFileType = sourcecode.swift; path = SyncJobValidationTests.swift; sourceTree = "<group>"; };
		96BEB9DB3BA25A81D2C50D52 /* MetadataProgrammingCoordinatorTests.swift */ = {isa = PBXFileReference; lastKnownFileType = sourcecode.swift; path = MetadataProgrammingCoordinatorTests.swift; sourceTree = "<group>"; };
		9C550265145C1840CA4CAF18 /* Info.plist */ = {isa = PBXFileReference; lastKnownFileType = text.plist; path = Info.plist; sourceTree = "<group>"; };
		9F668C295458EA4DCCB46EF8 /* MetadataWriter.swift */ = {isa = PBXFileReference; lastKnownFileType = sourcecode.swift; path = MetadataWriter.swift; sourceTree = "<group>"; };
		A020FD65B833FE80CEB305B3 /* AagedalFTPSyncApp.swift */ = {isa = PBXFileReference; lastKnownFileType = sourcecode.swift; path = AagedalFTPSyncApp.swift; sourceTree = "<group>"; };
		A2AEF7D0A53A78EB585175E2 /* RemoteTransportIntegrationTests.swift */ = {isa = PBXFileReference; lastKnownFileType = sourcecode.swift; path = RemoteTransportIntegrationTests.swift; sourceTree = "<group>"; };
		A2BEBFCBDD620232A1D0C014 /* SyncEngine.swift */ = {isa = PBXFileReference; lastKnownFileType = sourcecode.swift; path = SyncEngine.swift; sourceTree = "<group>"; };
		A38A09C0D87C85E49CD89FF8 /* LocalEndpointSession.swift */ = {isa = PBXFileReference; lastKnownFileType = sourcecode.swift; path = LocalEndpointSession.swift; sourceTree = "<group>"; };
		A5995C30E1D15D202FBAEE40 /* AboutView.swift */ = {isa = PBXFileReference; lastKnownFileType = sourcecode.swift; path = AboutView.swift; sourceTree = "<group>"; };
		A76827BE4BCD54BAAE42FE36 /* JobDetailEditor.swift */ = {isa = PBXFileReference; lastKnownFileType = sourcecode.swift; path = JobDetailEditor.swift; sourceTree = "<group>"; };
		A7D1E5EDE9A608C2C40F07A4 /* MetadataPreviewViews.swift */ = {isa = PBXFileReference; lastKnownFileType = sourcecode.swift; path = MetadataPreviewViews.swift; sourceTree = "<group>"; };
		A83544A59B9CCAA0045D0C01 /* AagedalFTPSyncUITests.xctest */ = {isa = PBXFileReference; explicitFileType = wrapper.cfbundle; includeInIndex = 0; path = AagedalFTPSyncUITests.xctest; sourceTree = BUILT_PRODUCTS_DIR; };
		AED8A942C6CBC2911165A52D /* JobsWindowView.swift */ = {isa = PBXFileReference; lastKnownFileType = sourcecode.swift; path = JobsWindowView.swift; sourceTree = "<group>"; };
		B2745B822AD45CDF06BB3463 /* Assets.xcassets */ = {isa = PBXFileReference; lastKnownFileType = folder.assetcatalog; path = Assets.xcassets; sourceTree = "<group>"; };
		B6F8355FC14D367480034FA8 /* EndpointSession.swift */ = {isa = PBXFileReference; lastKnownFileType = sourcecode.swift; path = EndpointSession.swift; sourceTree = "<group>"; };
		BA9524A5EE736DEEEC94976B /* ConfigurationTransferCoordinator.swift */ = {isa = PBXFileReference; lastKnownFileType = sourcecode.swift; path = ConfigurationTransferCoordinator.swift; sourceTree = "<group>"; };
		BC25AACD3C7F08B23B371518 /* FileFilterTests.swift */ = {isa = PBXFileReference; lastKnownFileType = sourcecode.swift; path = FileFilterTests.swift; sourceTree = "<group>"; };
		BF900C39827A06F26F21FF1A /* AagedalFTPSyncSmokeTests.swift */ = {isa = PBXFileReference; lastKnownFileType = sourcecode.swift; path = AagedalFTPSyncSmokeTests.swift; sourceTree = "<group>"; };
		C32736AE6B9B34F74267A9AF /* PhotographerProfileRepositoryTests.swift */ = {isa = PBXFileReference; lastKnownFileType = sourcecode.swift; path = PhotographerProfileRepositoryTests.swift; sourceTree = "<group>"; };
		C502318E99DE80F0847AFF6E /* PathSafetyTests.swift */ = {isa = PBXFileReference; lastKnownFileType = sourcecode.swift; path = PathSafetyTests.swift; sourceTree = "<group>"; };
		D0C9F952969D2D03BFCC3221 /* LocalSyncIntegrationTests.swift */ = {isa = PBXFileReference; lastKnownFileType = sourcecode.swift; path = LocalSyncIntegrationTests.swift; sourceTree = "<group>"; };
		D0EAD657F152BADDBE31F18A /* ConfigurationTransferTests.swift */ = {isa = PBXFileReference; lastKnownFileType = sourcecode.swift; path = ConfigurationTransferTests.swift; sourceTree = "<group>"; };
		D100CDE9EC3EF2B672A4EC7E /* PathSafety.swift */ = {isa = PBXFileReference; lastKnownFileType = sourcecode.swift; path = PathSafety.swift; sourceTree = "<group>"; };
		D1F61EC3ED2F318802DDF460 /* SupportBundle.swift */ = {isa = PBXFileReference; lastKnownFileType = sourcecode.swift; path = SupportBundle.swift; sourceTree = "<group>"; };
		D288034277BC7727C71C3304 /* ServerProfileRepository.swift */ = {isa = PBXFileReference; lastKnownFileType = sourcecode.swift; path = ServerProfileRepository.swift; sourceTree = "<group>"; };
		D33608A378F662B9B2EB5B3D /* SyncJob.swift */ = {isa = PBXFileReference; lastKnownFileType = sourcecode.swift; path = SyncJob.swift; sourceTree = "<group>"; };
		D5481D9B2796364B0B025C11 /* AagedalFTPSync.app */ = {isa = PBXFileReference; explicitFileType = wrapper.application; includeInIndex = 0; path = AagedalFTPSync.app; sourceTree = BUILT_PRODUCTS_DIR; };
		D7F63E1167F0C4B8DD60E70E /* MetadataPreview.swift */ = {isa = PBXFileReference; lastKnownFileType = sourcecode.swift; path = MetadataPreview.swift; sourceTree = "<group>"; };
		DBC455448901CCC142FAFA0C /* JobRepository.swift */ = {isa = PBXFileReference; lastKnownFileType = sourcecode.swift; path = JobRepository.swift; sourceTree = "<group>"; };
		DCC0FC21B2F27B7B2EDD14FE /* MetadataPresetTests.swift */ = {isa = PBXFileReference; lastKnownFileType = sourcecode.swift; path = MetadataPresetTests.swift; sourceTree = "<group>"; };
		E0AB176BB0302BDD7BEE6ED8 /* ServerProfileRepositoryTests.swift */ = {isa = PBXFileReference; lastKnownFileType = sourcecode.swift; path = ServerProfileRepositoryTests.swift; sourceTree = "<group>"; };
		E29CC609150B77D9F9FCA70E /* JobRepositoryTests.swift */ = {isa = PBXFileReference; lastKnownFileType = sourcecode.swift; path = JobRepositoryTests.swift; sourceTree = "<group>"; };
		E45C7CB10B1E196CE6CF8CD5 /* MetadataAutomationTests.swift */ = {isa = PBXFileReference; lastKnownFileType = sourcecode.swift; path = MetadataAutomationTests.swift; sourceTree = "<group>"; };
		E5335018C1256A3299113AB0 /* SyncEventLoggerTests.swift */ = {isa = PBXFileReference; lastKnownFileType = sourcecode.swift; path = SyncEventLoggerTests.swift; sourceTree = "<group>"; };
		E7AF60A3923F21701F379868 /* ServerProfile.swift */ = {isa = PBXFileReference; lastKnownFileType = sourcecode.swift; path = ServerProfile.swift; sourceTree = "<group>"; };
		EDFDBE6187BE47D3DA7E605E /* SSHHostKeyFingerprintTests.swift */ = {isa = PBXFileReference; lastKnownFileType = sourcecode.swift; path = SSHHostKeyFingerprintTests.swift; sourceTree = "<group>"; };
		EE20E0C1B29F4F92DD057885 /* AppPersistenceCoordinator.swift */ = {isa = PBXFileReference; lastKnownFileType = sourcecode.swift; path = AppPersistenceCoordinator.swift; sourceTree = "<group>"; };
		F02E14B784149DDFFF502ADA /* MetadataAutomation.swift */ = {isa = PBXFileReference; lastKnownFileType = sourcecode.swift; path = MetadataAutomation.swift; sourceTree = "<group>"; };
		F488B465A35870C5148449F4 /* Citadel */ = {isa = PBXFileReference; lastKnownFileType = folder; name = Citadel; path = Vendor/Citadel; sourceTree = SOURCE_ROOT; };
		FE6F803C3B092319AAFD4845 /* MenuBarView.swift */ = {isa = PBXFileReference; lastKnownFileType = sourcecode.swift; path = MenuBarView.swift; sourceTree = "<group>"; };
/* End PBXFileReference section */

/* Begin PBXFrameworksBuildPhase section */
		0E7AB7DF43B7A83611DAB863 /* Frameworks */ = {
			isa = PBXFrameworksBuildPhase;
			buildActionMask = 2147483647;
			files = (
				7B7FFFC8046C8E72BEA98C4C /* SwiftMediaMetadata in Frameworks */,
			);
			runOnlyForDeploymentPostprocessing = 0;
		};
		93A70F9F0257567897128D02 /* Frameworks */ = {
			isa = PBXFrameworksBuildPhase;
			buildActionMask = 2147483647;
			files = (
				ADC5FA9C93F5B977E852ADD9 /* Citadel in Frameworks */,
				ABFA8B6182B8EED1E091C7D7 /* SwiftMediaMetadata in Frameworks */,
			);
			runOnlyForDeploymentPostprocessing = 0;
		};
/* End PBXFrameworksBuildPhase section */

/* Begin PBXGroup section */
		121CD36A1B4D4AA104D4869F /* Resources */ = {
			isa = PBXGroup;
			children = (
				6F05D3285F6038B42E80EF63 /* AagedalFTPSync.entitlements */,
				B2745B822AD45CDF06BB3463 /* Assets.xcassets */,
				9C550265145C1840CA4CAF18 /* Info.plist */,
			);
			path = Resources;
			sourceTree = "<group>";
		};
		36E5F50A180C7E06871819B2 /* Packages */ = {
			isa = PBXGroup;
			children = (
				F488B465A35870C5148449F4 /* Citadel */,
			);
			name = Packages;
			sourceTree = "<group>";
		};
		4850166515EB6D062E4E2600 /* Models */ = {
			isa = PBXGroup;
			children = (
				937FD9EED413E474E9F6903E /* Endpoint.swift */,
				8DF972CA42278237F9D4F9F1 /* MetadataAudit.swift */,
				F02E14B784149DDFFF502ADA /* MetadataAutomation.swift */,
				2E65EC551E128F2CEA855514 /* MetadataPreset.swift */,
				E7AF60A3923F21701F379868 /* ServerProfile.swift */,
				D33608A378F662B9B2EB5B3D /* SyncJob.swift */,
			);
			path = Models;
			sourceTree = "<group>";
		};
		5A5B7B2232CC4990C8032066 = {
			isa = PBXGroup;
			children = (
				DBC878C5F12DE8BBB498232A /* AagedalFTPSync */,
				C208DFD096F41F301FABB160 /* AagedalFTPSyncTests */,
				D661A98627A5B580C3A53761 /* AagedalFTPSyncUITests */,
				36E5F50A180C7E06871819B2 /* Packages */,
				61E26C603B8DE87342BFFC0D /* Products */,
			);
			sourceTree = "<group>";
		};
		61E26C603B8DE87342BFFC0D /* Products */ = {
			isa = PBXGroup;
			children = (
				D5481D9B2796364B0B025C11 /* AagedalFTPSync.app */,
				611ECBA31E1D473200F506F6 /* AagedalFTPSyncTests.xctest */,
				A83544A59B9CCAA0045D0C01 /* AagedalFTPSyncUITests.xctest */,
			);
			name = Products;
			sourceTree = "<group>";
		};
		98E1D5D0526F4F5954182595 /* Persistence */ = {
			isa = PBXGroup;
			children = (
				EE20E0C1B29F4F92DD057885 /* AppPersistenceCoordinator.swift */,
				5447B2211E64F445CD7DE075 /* BookmarkAccess.swift */,
				73E4E8584F7A5AFA53BC9190 /* ConfigurationTransfer.swift */,
				BA9524A5EE736DEEEC94976B /* ConfigurationTransferCoordinator.swift */,
				5EDD38DA7C2A9FF12C640FA1 /* FolderBookmark.swift */,
				DBC455448901CCC142FAFA0C /* JobRepository.swift */,
				052561673651EFAEC20483A2 /* KeychainStore.swift */,
				11EEAAEEA8F25FFA2893352E /* MetadataAuditRepository.swift */,
				60E0E09FD8169213D49FACE8 /* MetadataPresetRepository.swift */,
				6BEF64F5094273F5CED52D82 /* PhotographerProfileRepository.swift */,
				D288034277BC7727C71C3304 /* ServerProfileRepository.swift */,
				679AE22A6DA5596AB0D08913 /* SourceSignatureRepository.swift */,
				91F14102B4F8D6DAEF14EC8A /* SyncFailureRepository.swift */,
			);
			path = Persistence;
			sourceTree = "<group>";
		};
		A6DD8B24A52B7AE01022F0B9 /* FTP */ = {
			isa = PBXGroup;
			children = (
				619AB2C07F959ECA6F57E2BD /* FTPConnection.swift */,
				0CEF232CFDC8CC57E89363BB /* FTPEndpointSession.swift */,
			);
			path = FTP;
			sourceTree = "<group>";
		};
		A78DF5C99E07B72F45BC7186 /* Sync */ = {
			isa = PBXGroup;
			children = (
				B6F8355FC14D367480034FA8 /* EndpointSession.swift */,
				A38A09C0D87C85E49CD89FF8 /* LocalEndpointSession.swift */,
				A2BEBFCBDD620232A1D0C014 /* SyncEngine.swift */,
				A6DD8B24A52B7AE01022F0B9 /* FTP */,
				FB8AC617BD51536C301F8380 /* SFTP */,
			);
			path = Sync;
			sourceTree = "<group>";
		};
		AD8502801742463A8C4ED104 /* Views */ = {
			isa = PBXGroup;
			children = (
				A5995C30E1D15D202FBAEE40 /* AboutView.swift */,
				44DC5631E8E1F2C557CA626F /* ConfigurationTransferView.swift */,
				4A1B40E9EED67D6C74811BBE /* EndpointEditor.swift */,
				A76827BE4BCD54BAAE42FE36 /* JobDetailEditor.swift */,
				04FC16304FAD1EE7D8FE7C2E /* JobEditingSession.swift */,
				AED8A942C6CBC2911165A52D /* JobsWindowView.swift */,
				FE6F803C3B092319AAFD4845 /* MenuBarView.swift */,
				4AF30957A97DA611D3EF011D /* MetadataAuditTrailView.swift */,
				312739F289E7DEE5475728B9 /* MetadataPhotographerViews.swift */,
				A7D1E5EDE9A608C2C40F07A4 /* MetadataPreviewViews.swift */,
				6D1E4B1B6D1EC921FAB3E2C5 /* MetadataProgrammingCoordinator.swift */,
				821EDDD4C943D4CCD4CB022D /* MetadataProgrammingView.swift */,
				55EEEC723D4E4695B25EFAC9 /* MetadataTimelineViews.swift */,
				6D08A4DCF03FB39971112D2D /* PhotographerMapView.swift */,
				329E3435991E5099C5DB51A6 /* PhotographerSettingsView.swift */,
				0D340066C59960A94C5981FE /* ServerSettingsView.swift */,
			);
			path = Views;
			sourceTree = "<group>";
		};
		B5270C0798695023436C85DF /* Metadata */ = {
			isa = PBXGroup;
			children = (
				D7F63E1167F0C4B8DD60E70E /* MetadataPreview.swift */,
				9F668C295458EA4DCCB46EF8 /* MetadataWriter.swift */,
			);
			path = Metadata;
			sourceTree = "<group>";
		};
		C208DFD096F41F301FABB160 /* AagedalFTPSyncTests */ = {
			isa = PBXGroup;
			children = (
				4FA2EE5D72C430D4544BFF2A /* AppPersistenceCoordinatorTests.swift */,
				61206E0435FCE509729F69A0 /* ConfigurationTransferCoordinatorTests.swift */,
				D0EAD657F152BADDBE31F18A /* ConfigurationTransferTests.swift */,
				12EC7ADB08DA171C5517C6D0 /* DeliveryLatencyBenchmarkTests.swift */,
				BC25AACD3C7F08B23B371518 /* FileFilterTests.swift */,
				21199D2C1CA349452587E48F /* FTPListingTests.swift */,
				E29CC609150B77D9F9FCA70E /* JobRepositoryTests.swift */,
				D0C9F952969D2D03BFCC3221 /* LocalSyncIntegrationTests.swift */,
				07B39CBB757E875BE7C71E39 /* MetadataAuditTests.swift */,
				E45C7CB10B1E196CE6CF8CD5 /* MetadataAutomationTests.swift */,
				DCC0FC21B2F27B7B2EDD14FE /* MetadataPresetTests.swift */,
				2153155F850DC3D8E89847FE /* MetadataPreviewAndRecoveryTests.swift */,
				96BEB9DB3BA25A81D2C50D52 /* MetadataProgrammingCoordinatorTests.swift */,
				C502318E99DE80F0847AFF6E /* PathSafetyTests.swift */,
				C32736AE6B9B34F74267A9AF /* PhotographerProfileRepositoryTests.swift */,
				A2AEF7D0A53A78EB585175E2 /* RemoteTransportIntegrationTests.swift */,
				E0AB176BB0302BDD7BEE6ED8 /* ServerProfileRepositoryTests.swift */,
				08A451EA9979512369078E47 /* SourceSignatureRepositoryTests.swift */,
				EDFDBE6187BE47D3DA7E605E /* SSHHostKeyFingerprintTests.swift */,
				57FCBE667F129FE47DF1CB07 /* SupportBundleTests.swift */,
				E5335018C1256A3299113AB0 /* SyncEventLoggerTests.swift */,
				95047C158288E644416B7E05 /* SyncJobValidationTests.swift */,
				78AC91617DD666A454615C1A /* SyncSchedulerTests.swift */,
			);
			path = AagedalFTPSyncTests;
			sourceTree = "<group>";
		};
		CA3CBEB14631279FC5B75ED0 /* App */ = {
			isa = PBXGroup;
			children = (
				A020FD65B833FE80CEB305B3 /* AagedalFTPSyncApp.swift */,
				61136E820F1A8F3D7FAF5091 /* AppStore.swift */,
				52D1BE257268E13A9E61907D /* LaunchAtLoginCoordinator.swift */,
				890826A7102C45494742574C /* MetadataLibraryCoordinator.swift */,
				5E93E3863E7CE51C640F3CCF /* SyncRuntimeSupport.swift */,
				25C577F4C00B53FEE0AEAEC4 /* SyncScheduler.swift */,
				3FACE3FD67ADE245F727458D /* UITestSupport.swift */,
			);
			path = App;
			sourceTree = "<group>";
		};
		CEE7182A0BB516E5754DFA93 /* Support */ = {
			isa = PBXGroup;
			children = (
				3C0B9F766C78243FC5FFFB07 /* AppError.swift */,
				D100CDE9EC3EF2B672A4EC7E /* PathSafety.swift */,
				5CCB321C1FE43CEDC8865882 /* SSHHostKeyFingerprint.swift */,
				D1F61EC3ED2F318802DDF460 /* SupportBundle.swift */,
				07320ACC5291F1191BAA2E4C /* SyncEventLogger.swift */,
			);
			path = Support;
			sourceTree = "<group>";
		};
		D661A98627A5B580C3A53761 /* AagedalFTPSyncUITests */ = {
			isa = PBXGroup;
			children = (
				BF900C39827A06F26F21FF1A /* AagedalFTPSyncSmokeTests.swift */,
			);
			path = AagedalFTPSyncUITests;
			sourceTree = "<group>";
		};
		DBC878C5F12DE8BBB498232A /* AagedalFTPSync */ = {
			isa = PBXGroup;
			children = (
				CA3CBEB14631279FC5B75ED0 /* App */,
				B5270C0798695023436C85DF /* Metadata */,
				4850166515EB6D062E4E2600 /* Models */,
				98E1D5D0526F4F5954182595 /* Persistence */,
				121CD36A1B4D4AA104D4869F /* Resources */,
				CEE7182A0BB516E5754DFA93 /* Support */,
				A78DF5C99E07B72F45BC7186 /* Sync */,
				AD8502801742463A8C4ED104 /* Views */,
			);
			path = AagedalFTPSync;
			sourceTree = "<group>";
		};
		FB8AC617BD51536C301F8380 /* SFTP */ = {
			isa = PBXGroup;
			children = (
				1230146607A0960638643931 /* SFTPEndpointSession.swift */,
				5A410C80EF820D8FCA6B3000 /* SFTPTransport.swift */,
			);
			path = SFTP;
			sourceTree = "<group>";
		};
/* End PBXGroup section */

/* Begin PBXNativeTarget section */
		1C493DABAD34DF55272221B5 /* AagedalFTPSync */ = {
			isa = PBXNativeTarget;
			buildConfigurationList = 0914275FBA74B154038FC561 /* Build configuration list for PBXNativeTarget "AagedalFTPSync" */;
			buildPhases = (
				FD3D9C4275F3021F6AC96547 /* Sources */,
				F652B58BC7D612EF726935EF /* Resources */,
				93A70F9F0257567897128D02 /* Frameworks */,
			);
			buildRules = (
			);
			dependencies = (
			);
			name = AagedalFTPSync;
			packageProductDependencies = (
				746688A9934E8F2A54705932 /* Citadel */,
				91BAA681FF6474768817AC73 /* SwiftMediaMetadata */,
			);
			productName = AagedalFTPSync;
			productReference = D5481D9B2796364B0B025C11 /* AagedalFTPSync.app */;
			productType = "com.apple.product-type.application";
		};
		33C93B57B9FBF25FBBBC2DDA /* AagedalFTPSyncTests */ = {
			isa = PBXNativeTarget;
			buildConfigurationList = 041F1D6731EB49D86747EC05 /* Build configuration list for PBXNativeTarget "AagedalFTPSyncTests" */;
			buildPhases = (
				974811D18BC9EF5CB7049552 /* Sources */,
				0E7AB7DF43B7A83611DAB863 /* Frameworks */,
			);
			buildRules = (
			);
			dependencies = (
				5A6766B6A79DAC9D68F770A4 /* PBXTargetDependency */,
			);
			name = AagedalFTPSyncTests;
			packageProductDependencies = (
				B66A13BC50FAC5260C223549 /* SwiftMediaMetadata */,
			);
			productName = AagedalFTPSyncTests;
			productReference = 611ECBA31E1D473200F506F6 /* AagedalFTPSyncTests.xctest */;
			productType = "com.apple.product-type.bundle.unit-test";
		};
		BFF1E9759FD31558E5CD83CF /* AagedalFTPSyncUITests */ = {
			isa = PBXNativeTarget;
			buildConfigurationList = 168392E7C707707F4DBFB4B4 /* Build configuration list for PBXNativeTarget "AagedalFTPSyncUITests" */;
			buildPhases = (
				B42D20CA8059CCC8B23CA6F5 /* Sources */,
			);
			buildRules = (
			);
			dependencies = (
				B2080D86FF8D7DF63651C579 /* PBXTargetDependency */,
			);
			name = AagedalFTPSyncUITests;
			packageProductDependencies = (
			);
			productName = AagedalFTPSyncUITests;
			productReference = A83544A59B9CCAA0045D0C01 /* AagedalFTPSyncUITests.xctest */;
			productType = "com.apple.product-type.bundle.ui-testing";
		};
/* End PBXNativeTarget section */

/* Begin PBXProject section */
		30B6AFF73EC261E9E5C611F4 /* Project object */ = {
			isa = PBXProject;
			attributes = {
				BuildIndependentTargetsInParallel = YES;
				LastUpgradeCheck = 1430;
				TargetAttributes = {
					1C493DABAD34DF55272221B5 = {
						DevelopmentTeam = 3R5QGG9DW6;
						ProvisioningStyle = Automatic;
					};
					33C93B57B9FBF25FBBBC2DDA = {
						DevelopmentTeam = 3R5QGG9DW6;
						ProvisioningStyle = Automatic;
					};
					BFF1E9759FD31558E5CD83CF = {
						DevelopmentTeam = 3R5QGG9DW6;
						ProvisioningStyle = Automatic;
						TestTargetID = 1C493DABAD34DF55272221B5;
					};
				};
			};
			buildConfigurationList = E3AB675A9CCE6D318A6F9DFB /* Build configuration list for PBXProject "Aagedal FTP Sync" */;
			developmentRegion = en;
			hasScannedForEncodings = 0;
			knownRegions = (
				Base,
				en,
			);
			mainGroup = 5A5B7B2232CC4990C8032066;
			minimizedProjectReferenceProxies = 1;
			packageReferences = (
				47A340CB654175647D0B776D /* XCRemoteSwiftPackageReference "SwiftMediaMetadata" */,
				60B67C0A01636C7E44AA0BBF /* XCLocalSwiftPackageReference "Vendor/Citadel" */,
			);
			preferredProjectObjectVersion = 77;
			productRefGroup = 61E26C603B8DE87342BFFC0D /* Products */;
			projectDirPath = "";
			projectRoot = "";
			targets = (
				1C493DABAD34DF55272221B5 /* AagedalFTPSync */,
				33C93B57B9FBF25FBBBC2DDA /* AagedalFTPSyncTests */,
				BFF1E9759FD31558E5CD83CF /* AagedalFTPSyncUITests */,
			);
		};
/* End PBXProject section */

/* Begin PBXResourcesBuildPhase section */
		F652B58BC7D612EF726935EF /* Resources */ = {
			isa = PBXResourcesBuildPhase;
			buildActionMask = 2147483647;
			files = (
				FD6B4E4D3B7906C933964D9C /* Assets.xcassets in Resources */,
			);
			runOnlyForDeploymentPostprocessing = 0;
		};
/* End PBXResourcesBuildPhase section */

/* Begin PBXSourcesBuildPhase section */
		974811D18BC9EF5CB7049552 /* Sources */ = {
			isa = PBXSourcesBuildPhase;
			buildActionMask = 2147483647;
			files = (
				68B68175A5690C2817E2E2C2 /* AppPersistenceCoordinatorTests.swift in Sources */,
				5662C3ECC707EE19CDE34F51 /* ConfigurationTransferCoordinatorTests.swift in Sources */,
				0F49E4F6EC05AB6395A4F2FA /* ConfigurationTransferTests.swift in Sources */,
				269D04476AEC3E54C0FF8A90 /* DeliveryLatencyBenchmarkTests.swift in Sources */,
				EA92EB4FBB105356154EC1DA /* FTPListingTests.swift in Sources */,
				643C37FA6F70828858D71250 /* FileFilterTests.swift in Sources */,
				02ECC949E0CD2F017A4C7D26 /* JobRepositoryTests.swift in Sources */,
				DC1FF0B0F1590933DFEB5D6D /* LocalSyncIntegrationTests.swift in Sources */,
				78FA1B86AA36E6601A1CD68E /* MetadataAuditTests.swift in Sources */,
				A3FE2D8BFC1145F0C306FAE4 /* MetadataAutomationTests.swift in Sources */,
				42674EE8F66813EA860B4A7B /* MetadataPresetTests.swift in Sources */,
				1DB2D9D4B7FBCDEC3164FC84 /* MetadataPreviewAndRecoveryTests.swift in Sources */,
				05E43D6C687890BD0C418A0F /* MetadataProgrammingCoordinatorTests.swift in Sources */,
				A0863F1D6C4FD686BDA2D700 /* PathSafetyTests.swift in Sources */,
				36C73987519CE57EFD1F068D /* PhotographerProfileRepositoryTests.swift in Sources */,
				BC36CDB0B183847E2378C219 /* RemoteTransportIntegrationTests.swift in Sources */,
				7217A36321EAD9ECD0CC69FE /* SSHHostKeyFingerprintTests.swift in Sources */,
				28ED5673B1733B048EC9445D /* ServerProfileRepositoryTests.swift in Sources */,
				A1923F1FD1A91F340A95C9D6 /* SourceSignatureRepositoryTests.swift in Sources */,
				B8C9B52AA27DA2584D616040 /* SupportBundleTests.swift in Sources */,
				EB2EE8A97813CC0D300FE9C3 /* SyncEventLoggerTests.swift in Sources */,
				0AC37DE8ECE3F49643FBBA65 /* SyncJobValidationTests.swift in Sources */,
				A0534370D1A62D35C61FCBBC /* SyncSchedulerTests.swift in Sources */,
			);
			runOnlyForDeploymentPostprocessing = 0;
		};
		B42D20CA8059CCC8B23CA6F5 /* Sources */ = {
			isa = PBXSourcesBuildPhase;
			buildActionMask = 2147483647;
			files = (
				BDBD311ADEDD373B29AD3937 /* AagedalFTPSyncSmokeTests.swift in Sources */,
			);
			runOnlyForDeploymentPostprocessing = 0;
		};
		FD3D9C4275F3021F6AC96547 /* Sources */ = {
			isa = PBXSourcesBuildPhase;
			buildActionMask = 2147483647;
			files = (
				5C34E41AD9A2ED138D0CBA51 /* AagedalFTPSyncApp.swift in Sources */,
				B2778FECE9235A88F9E701C2 /* AboutView.swift in Sources */,
				6A864A27210E8CDFE1DE4FC5 /* AppError.swift in Sources */,
				76B434A2DBF3769A17310DE3 /* AppPersistenceCoordinator.swift in Sources */,
				D625A9426837FBFCE6087393 /* AppStore.swift in Sources */,
				C362A55DC6EC0537A118D6EE /* BookmarkAccess.swift in Sources */,
				C66E4381C7CA8F6FBE290F3B /* ConfigurationTransfer.swift in Sources */,
				DA9400038E9517D826EB6884 /* ConfigurationTransferCoordinator.swift in Sources */,
				FFE30C3E978D3DA849C1A90A /* ConfigurationTransferView.swift in Sources */,
				9BE974E35F14A02DD16B33DC /* Endpoint.swift in Sources */,
				CA34F3079F56DC562248F942 /* EndpointEditor.swift in Sources */,
				232530E47CDEBD0A8D35EA9D /* EndpointSession.swift in Sources */,
				2B397304BF5CD4EC6FD1488A /* FTPConnection.swift in Sources */,
				5DF45552E9881AE39715DC8C /* FTPEndpointSession.swift in Sources */,
				38B29BE049016282DC7EF250 /* FolderBookmark.swift in Sources */,
				C9EDCB099A8BF469B146AE0E /* JobDetailEditor.swift in Sources */,
				D225A424E360048E57D289F9 /* JobEditingSession.swift in Sources */,
				2F375E24D00A933DA38FD157 /* JobRepository.swift in Sources */,
				E296EA00ACFAF5AE7432F629 /* JobsWindowView.swift in Sources */,
				55A135CDA7E6147620C9F303 /* KeychainStore.swift in Sources */,
				0837FDF547FB63BE4AE4953C /* LaunchAtLoginCoordinator.swift in Sources */,
				35861BD0DE6E6C56ED72FB75 /* LocalEndpointSession.swift in Sources */,
				869C3F20F6579EC38F1DCC53 /* MenuBarView.swift in Sources */,
				5ADE536567FA896B1319AB32 /* MetadataAudit.swift in Sources */,
				4251AC983A19E2B72A16D6F1 /* MetadataAuditRepository.swift in Sources */,
				41FAF788C416FBC243B52EBD /* MetadataAuditTrailView.swift in Sources */,
				956B364A51DE2F3F84CD18BD /* MetadataAutomation.swift in Sources */,
				7C2A82E72FDC2C0AB1F73C5D /* MetadataLibraryCoordinator.swift in Sources */,
				5FD9FAE8DB564E8AB7B74237 /* MetadataPhotographerViews.swift in Sources */,
				649027A87547FE310DC4E8E5 /* MetadataPreset.swift in Sources */,
				53D891D5E1AB32B8F7B35F9A /* MetadataPresetRepository.swift in Sources */,
				5924A4106BF442BB4DE764B0 /* MetadataPreview.swift in Sources */,
				8107516DA815844F70179329 /* MetadataPreviewViews.swift in Sources */,
				40F18EDD7BB03117ADC14464 /* MetadataProgrammingCoordinator.swift in Sources */,
				B303A6F6AA4B34C4F7A15E42 /* MetadataProgrammingView.swift in Sources */,
				DAED589186E8BE67B3012070 /* MetadataTimelineViews.swift in Sources */,
				666D1401F6F716D1AEF810BA /* MetadataWriter.swift in Sources */,
				52E139C2169CE507A045D79D /* PathSafety.swift in Sources */,
				9453177603F487C96FF5B9E1 /* PhotographerMapView.swift in Sources */,
				C2F639F1B66CDCC841EA3927 /* PhotographerProfileRepository.swift in Sources */,
				BE2DC8F5F2557D986C3F6EE3 /* PhotographerSettingsView.swift in Sources */,
				ED4367626D92A99789B81C35 /* SFTPEndpointSession.swift in Sources */,
				0AAA481F3C385626316506D1 /* SFTPTransport.swift in Sources */,
				7783E7951621289631F1B98A /* SSHHostKeyFingerprint.swift in Sources */,
				7256FA98B119B810B339DDB9 /* ServerProfile.swift in Sources */,
				F9587CBD6566871E67AB6A61 /* ServerProfileRepository.swift in Sources */,
				199442414D584BE62BC63D41 /* ServerSettingsView.swift in Sources */,
				EF49DF30560E2C2A87147711 /* SourceSignatureRepository.swift in Sources */,
				D1D2DA2739749BFBAE1118A4 /* SupportBundle.swift in Sources */,
				49FF023ECBFBE4B27037A37D /* SyncEngine.swift in Sources */,
				1BDDAFDC5384482ED3F2DC81 /* SyncEventLogger.swift in Sources */,
				02FF57E6BFBFF76A9457E642 /* SyncFailureRepository.swift in Sources */,
				A39D8D510D17211A72708044 /* SyncJob.swift in Sources */,
				192D43F2E6579A284084377B /* SyncRuntimeSupport.swift in Sources */,
				F740FAA73212115FCB852FAE /* SyncScheduler.swift in Sources */,
				7DA7775DF56E2282A2036362 /* UITestSupport.swift in Sources */,
			);
			runOnlyForDeploymentPostprocessing = 0;
		};
/* End PBXSourcesBuildPhase section */

/* Begin PBXTargetDependency section */
		5A6766B6A79DAC9D68F770A4 /* PBXTargetDependency */ = {
			isa = PBXTargetDependency;
			target = 1C493DABAD34DF55272221B5 /* AagedalFTPSync */;
			targetProxy = 28E9370C8CA217F1504E54F5 /* PBXContainerItemProxy */;
		};
		B2080D86FF8D7DF63651C579 /* PBXTargetDependency */ = {
			isa = PBXTargetDependency;
			target = 1C493DABAD34DF55272221B5 /* AagedalFTPSync */;
			targetProxy = B7FCAA343AC6D1358065DD15 /* PBXContainerItemProxy */;
		};
/* End PBXTargetDependency section */

/* Begin XCBuildConfiguration section */
		26FF4C334F6366AF4303FA5B /* Debug */ = {
			isa = XCBuildConfiguration;
			buildSettings = {
				ALWAYS_SEARCH_USER_PATHS = NO;
				ASSETCATALOG_COMPILER_GENERATE_SWIFT_ASSET_SYMBOL_EXTENSIONS = YES;
				CLANG_ANALYZER_NONNULL = YES;
				CLANG_ANALYZER_NUMBER_OBJECT_CONVERSION = YES_AGGRESSIVE;
				CLANG_CXX_LANGUAGE_STANDARD = "gnu++14";
				CLANG_CXX_LIBRARY = "libc++";
				CLANG_ENABLE_MODULES = YES;
				CLANG_ENABLE_OBJC_ARC = YES;
				CLANG_ENABLE_OBJC_WEAK = YES;
				CLANG_WARN_BLOCK_CAPTURE_AUTORELEASING = YES;
				CLANG_WARN_BOOL_CONVERSION = YES;
				CLANG_WARN_COMMA = YES;
				CLANG_WARN_CONSTANT_CONVERSION = YES;
				CLANG_WARN_DEPRECATED_OBJC_IMPLEMENTATIONS = YES;
				CLANG_WARN_DIRECT_OBJC_ISA_USAGE = YES_ERROR;
				CLANG_WARN_DOCUMENTATION_COMMENTS = YES;
				CLANG_WARN_EMPTY_BODY = YES;
				CLANG_WARN_ENUM_CONVERSION = YES;
				CLANG_WARN_INFINITE_RECURSION = YES;
				CLANG_WARN_INT_CONVERSION = YES;
				CLANG_WARN_NON_LITERAL_NULL_CONVERSION = YES;
				CLANG_WARN_OBJC_IMPLICIT_RETAIN_SELF = YES;
				CLANG_WARN_OBJC_LITERAL_CONVERSION = YES;
				CLANG_WARN_OBJC_ROOT_CLASS = YES_ERROR;
				CLANG_WARN_QUOTED_INCLUDE_IN_FRAMEWORK_HEADER = YES;
				CLANG_WARN_RANGE_LOOP_ANALYSIS = YES;
				CLANG_WARN_STRICT_PROTOTYPES = YES;
				CLANG_WARN_SUSPICIOUS_MOVE = YES;
				CLANG_WARN_UNGUARDED_AVAILABILITY = YES_AGGRESSIVE;
				CLANG_WARN_UNREACHABLE_CODE = YES;
				CLANG_WARN__DUPLICATE_METHOD_MATCH = YES;
				CODE_SIGN_STYLE = Automatic;
				COPY_PHASE_STRIP = NO;
				CURRENT_PROJECT_VERSION = 32;
				DEAD_CODE_STRIPPING = YES;
				DEBUG_INFORMATION_FORMAT = dwarf;
				DEVELOPMENT_TEAM = 3R5QGG9DW6;
				ENABLE_STRICT_OBJC_MSGSEND = YES;
				ENABLE_TESTABILITY = YES;
				ENABLE_USER_SCRIPT_SANDBOXING = YES;
				GCC_C_LANGUAGE_STANDARD = gnu11;
				GCC_DYNAMIC_NO_PIC = NO;
				GCC_NO_COMMON_BLOCKS = YES;
				GCC_OPTIMIZATION_LEVEL = 0;
				GCC_PREPROCESSOR_DEFINITIONS = (
					"$(inherited)",
					"DEBUG=1",
				);
				GCC_WARN_64_TO_32_BIT_CONVERSION = YES;
				GCC_WARN_ABOUT_RETURN_TYPE = YES_ERROR;
				GCC_WARN_UNDECLARED_SELECTOR = YES;
				GCC_WARN_UNINITIALIZED_AUTOS = YES_AGGRESSIVE;
				GCC_WARN_UNUSED_FUNCTION = YES;
				GCC_WARN_UNUSED_VARIABLE = YES;
				MACOSX_DEPLOYMENT_TARGET = 14.0;
				MARKETING_VERSION = 2.7.0;
				MTL_ENABLE_DEBUG_INFO = INCLUDE_SOURCE;
				MTL_FAST_MATH = YES;
				ONLY_ACTIVE_ARCH = YES;
				PRODUCT_NAME = "$(TARGET_NAME)";
				SDKROOT = macosx;
				STRING_CATALOG_GENERATE_SYMBOLS = YES;
				SWIFT_ACTIVE_COMPILATION_CONDITIONS = DEBUG;
				SWIFT_OPTIMIZATION_LEVEL = "-Onone";
				SWIFT_VERSION = 6.0;
			};
			name = Debug;
		};
		373BDE829189B769D354255D /* Release */ = {
			isa = XCBuildConfiguration;
			buildSettings = {
				BUNDLE_LOADER = "$(TEST_HOST)";
				COMBINE_HIDPI_IMAGES = YES;
				DEAD_CODE_STRIPPING = YES;
				GENERATE_INFOPLIST_FILE = YES;
				LD_RUNPATH_SEARCH_PATHS = (
					"$(inherited)",
					"@executable_path/Frameworks",
					"@loader_path/Frameworks",
				);
				PRODUCT_BUNDLE_IDENTIFIER = no.aagedal.AagedalFTPSyncUITests;
				SDKROOT = macosx;
				TEST_TARGET_NAME = AagedalFTPSync;
			};
			name = Release;
		};
		39036A47A806A1557E2C322B /* Release */ = {
			isa = XCBuildConfiguration;
			buildSettings = {
				BUNDLE_LOADER = "$(TEST_HOST)";
				COMBINE_HIDPI_IMAGES = YES;
				DEAD_CODE_STRIPPING = YES;
				GENERATE_INFOPLIST_FILE = YES;
				LD_RUNPATH_SEARCH_PATHS = (
					"$(inherited)",
					"@executable_path/../Frameworks",
					"@loader_path/../Frameworks",
				);
				PRODUCT_BUNDLE_IDENTIFIER = no.aagedal.AagedalFTPSyncTests;
				SDKROOT = macosx;
				TEST_HOST = "$(BUILT_PRODUCTS_DIR)/AagedalFTPSync.app/Contents/MacOS/AagedalFTPSync";
			};
			name = Release;
		};
		7B46F15339F9BD0C2414642E /* Debug */ = {
			isa = XCBuildConfiguration;
			buildSettings = {
				BUNDLE_LOADER = "$(TEST_HOST)";
				COMBINE_HIDPI_IMAGES = YES;
				DEAD_CODE_STRIPPING = YES;
				GENERATE_INFOPLIST_FILE = YES;
				LD_RUNPATH_SEARCH_PATHS = (
					"$(inherited)",
					"@executable_path/Frameworks",
					"@loader_path/Frameworks",
				);
				PRODUCT_BUNDLE_IDENTIFIER = no.aagedal.AagedalFTPSyncUITests;
				SDKROOT = macosx;
				TEST_TARGET_NAME = AagedalFTPSync;
			};
			name = Debug;
		};
		AA367394643EDDFC03114096 /* Debug */ = {
			isa = XCBuildConfiguration;
			buildSettings = {
				BUNDLE_LOADER = "$(TEST_HOST)";
				COMBINE_HIDPI_IMAGES = YES;
				DEAD_CODE_STRIPPING = YES;
				GENERATE_INFOPLIST_FILE = YES;
				LD_RUNPATH_SEARCH_PATHS = (
					"$(inherited)",
					"@executable_path/../Frameworks",
					"@loader_path/../Frameworks",
				);
				PRODUCT_BUNDLE_IDENTIFIER = no.aagedal.AagedalFTPSyncTests;
				SDKROOT = macosx;
				TEST_HOST = "$(BUILT_PRODUCTS_DIR)/AagedalFTPSync.app/Contents/MacOS/AagedalFTPSync";
			};
			name = Debug;
		};
		BB589029CB18C9776EB8664B /* Release */ = {
			isa = XCBuildConfiguration;
			buildSettings = {
				ALWAYS_SEARCH_USER_PATHS = NO;
				ASSETCATALOG_COMPILER_GENERATE_SWIFT_ASSET_SYMBOL_EXTENSIONS = YES;
				CLANG_ANALYZER_NONNULL = YES;
				CLANG_ANALYZER_NUMBER_OBJECT_CONVERSION = YES_AGGRESSIVE;
				CLANG_CXX_LANGUAGE_STANDARD = "gnu++14";
				CLANG_CXX_LIBRARY = "libc++";
				CLANG_ENABLE_MODULES = YES;
				CLANG_ENABLE_OBJC_ARC = YES;
				CLANG_ENABLE_OBJC_WEAK = YES;
				CLANG_WARN_BLOCK_CAPTURE_AUTORELEASING = YES;
				CLANG_WARN_BOOL_CONVERSION = YES;
				CLANG_WARN_COMMA = YES;
				CLANG_WARN_CONSTANT_CONVERSION = YES;
				CLANG_WARN_DEPRECATED_OBJC_IMPLEMENTATIONS = YES;
				CLANG_WARN_DIRECT_OBJC_ISA_USAGE = YES_ERROR;
				CLANG_WARN_DOCUMENTATION_COMMENTS = YES;
				CLANG_WARN_EMPTY_BODY = YES;
				CLANG_WARN_ENUM_CONVERSION = YES;
				CLANG_WARN_INFINITE_RECURSION = YES;
				CLANG_WARN_INT_CONVERSION = YES;
				CLANG_WARN_NON_LITERAL_NULL_CONVERSION = YES;
				CLANG_WARN_OBJC_IMPLICIT_RETAIN_SELF = YES;
				CLANG_WARN_OBJC_LITERAL_CONVERSION = YES;
				CLANG_WARN_OBJC_ROOT_CLASS = YES_ERROR;
				CLANG_WARN_QUOTED_INCLUDE_IN_FRAMEWORK_HEADER = YES;
				CLANG_WARN_RANGE_LOOP_ANALYSIS = YES;
				CLANG_WARN_STRICT_PROTOTYPES = YES;
				CLANG_WARN_SUSPICIOUS_MOVE = YES;
				CLANG_WARN_UNGUARDED_AVAILABILITY = YES_AGGRESSIVE;
				CLANG_WARN_UNREACHABLE_CODE = YES;
				CLANG_WARN__DUPLICATE_METHOD_MATCH = YES;
				CODE_SIGN_STYLE = Automatic;
				COPY_PHASE_STRIP = NO;
				CURRENT_PROJECT_VERSION = 32;
				DEAD_CODE_STRIPPING = YES;
				DEBUG_INFORMATION_FORMAT = "dwarf-with-dsym";
				DEVELOPMENT_TEAM = 3R5QGG9DW6;
				ENABLE_NS_ASSERTIONS = NO;
				ENABLE_STRICT_OBJC_MSGSEND = YES;
				ENABLE_USER_SCRIPT_SANDBOXING = YES;
				GCC_C_LANGUAGE_STANDARD = gnu11;
				GCC_NO_COMMON_BLOCKS = YES;
				GCC_WARN_64_TO_32_BIT_CONVERSION = YES;
				GCC_WARN_ABOUT_RETURN_TYPE = YES_ERROR;
				GCC_WARN_UNDECLARED_SELECTOR = YES;
				GCC_WARN_UNINITIALIZED_AUTOS = YES_AGGRESSIVE;
				GCC_WARN_UNUSED_FUNCTION = YES;
				GCC_WARN_UNUSED_VARIABLE = YES;
				MACOSX_DEPLOYMENT_TARGET = 14.0;
				MARKETING_VERSION = 2.7.0;
				MTL_ENABLE_DEBUG_INFO = NO;
				MTL_FAST_MATH = YES;
				PRODUCT_NAME = "$(TARGET_NAME)";
				SDKROOT = macosx;
				STRING_CATALOG_GENERATE_SYMBOLS = YES;
				SWIFT_COMPILATION_MODE = wholemodule;
				SWIFT_OPTIMIZATION_LEVEL = "-O";
				SWIFT_VERSION = 6.0;
			};
			name = Release;
		};
		C5662DB40E28D2956DBC5A73 /* Debug */ = {
			isa = XCBuildConfiguration;
			buildSettings = {
				ASSETCATALOG_COMPILER_APPICON_NAME = AppIcon;
				ASSETCATALOG_COMPILER_GLOBAL_ACCENT_COLOR_NAME = AccentColor;
				CODE_SIGN_ENTITLEMENTS = AagedalFTPSync/Resources/AagedalFTPSync.entitlements;
				COMBINE_HIDPI_IMAGES = YES;
				CURRENT_PROJECT_VERSION = 235;
				DEAD_CODE_STRIPPING = YES;
				ENABLE_HARDENED_RUNTIME = YES;
				GENERATE_INFOPLIST_FILE = NO;
				INFOPLIST_FILE = AagedalFTPSync/Resources/Info.plist;
				INFOPLIST_KEY_CFBundleDisplayName = "Aagedal FTP Sync";
				INFOPLIST_KEY_LSApplicationCategoryType = "public.app-category.utilities";
				LD_RUNPATH_SEARCH_PATHS = (
					"$(inherited)",
					"@executable_path/../Frameworks",
				);
				MARKETING_VERSION = 2.7.1;
				PRODUCT_BUNDLE_IDENTIFIER = no.aagedal.AagedalFTPSync;
				PRODUCT_MODULE_NAME = AagedalFTPSync;
				SDKROOT = macosx;
				SWIFT_STRICT_CONCURRENCY = complete;
			};
			name = Debug;
		};
		E67A4D0F4F0360DEEA76F779 /* Release */ = {
			isa = XCBuildConfiguration;
			buildSettings = {
				ASSETCATALOG_COMPILER_APPICON_NAME = AppIcon;
				ASSETCATALOG_COMPILER_GLOBAL_ACCENT_COLOR_NAME = AccentColor;
				CODE_SIGN_ENTITLEMENTS = AagedalFTPSync/Resources/AagedalFTPSync.entitlements;
				COMBINE_HIDPI_IMAGES = YES;
				CURRENT_PROJECT_VERSION = 235;
				DEAD_CODE_STRIPPING = YES;
				ENABLE_HARDENED_RUNTIME = YES;
				GENERATE_INFOPLIST_FILE = NO;
				INFOPLIST_FILE = AagedalFTPSync/Resources/Info.plist;
				INFOPLIST_KEY_CFBundleDisplayName = "Aagedal FTP Sync";
				INFOPLIST_KEY_LSApplicationCategoryType = "public.app-category.utilities";
				LD_RUNPATH_SEARCH_PATHS = (
					"$(inherited)",
					"@executable_path/../Frameworks",
				);
				MARKETING_VERSION = 2.7.1;
				PRODUCT_BUNDLE_IDENTIFIER = no.aagedal.AagedalFTPSync;
				PRODUCT_MODULE_NAME = AagedalFTPSync;
				SDKROOT = macosx;
				SWIFT_STRICT_CONCURRENCY = complete;
			};
			name = Release;
		};
/* End XCBuildConfiguration section */

/* Begin XCConfigurationList section */
		041F1D6731EB49D86747EC05 /* Build configuration list for PBXNativeTarget "AagedalFTPSyncTests" */ = {
			isa = XCConfigurationList;
			buildConfigurations = (
				AA367394643EDDFC03114096 /* Debug */,
				39036A47A806A1557E2C322B /* Release */,
			);
			defaultConfigurationIsVisible = 0;
			defaultConfigurationName = Debug;
		};
		0914275FBA74B154038FC561 /* Build configuration list for PBXNativeTarget "AagedalFTPSync" */ = {
			isa = XCConfigurationList;
			buildConfigurations = (
				C5662DB40E28D2956DBC5A73 /* Debug */,
				E67A4D0F4F0360DEEA76F779 /* Release */,
			);
			defaultConfigurationIsVisible = 0;
			defaultConfigurationName = Debug;
		};
		168392E7C707707F4DBFB4B4 /* Build configuration list for PBXNativeTarget "AagedalFTPSyncUITests" */ = {
			isa = XCConfigurationList;
			buildConfigurations = (
				7B46F15339F9BD0C2414642E /* Debug */,
				373BDE829189B769D354255D /* Release */,
			);
			defaultConfigurationIsVisible = 0;
			defaultConfigurationName = Debug;
		};
		E3AB675A9CCE6D318A6F9DFB /* Build configuration list for PBXProject "Aagedal FTP Sync" */ = {
			isa = XCConfigurationList;
			buildConfigurations = (
				26FF4C334F6366AF4303FA5B /* Debug */,
				BB589029CB18C9776EB8664B /* Release */,
			);
			defaultConfigurationIsVisible = 0;
			defaultConfigurationName = Debug;
		};
/* End XCConfigurationList section */

/* Begin XCLocalSwiftPackageReference section */
		60B67C0A01636C7E44AA0BBF /* XCLocalSwiftPackageReference "Vendor/Citadel" */ = {
			isa = XCLocalSwiftPackageReference;
			relativePath = Vendor/Citadel;
		};
/* End XCLocalSwiftPackageReference section */

/* Begin XCRemoteSwiftPackageReference section */
		47A340CB654175647D0B776D /* XCRemoteSwiftPackageReference "SwiftMediaMetadata" */ = {
			isa = XCRemoteSwiftPackageReference;
			repositoryURL = "https://github.com/aagedal/SwiftMediaMetadata.git";
			requirement = {
				kind = exactVersion;
				version = 2.0.0;
			};
		};
/* End XCRemoteSwiftPackageReference section */

/* Begin XCSwiftPackageProductDependency section */
		746688A9934E8F2A54705932 /* Citadel */ = {
			isa = XCSwiftPackageProductDependency;
			productName = Citadel;
		};
		91BAA681FF6474768817AC73 /* SwiftMediaMetadata */ = {
			isa = XCSwiftPackageProductDependency;
			package = 47A340CB654175647D0B776D /* XCRemoteSwiftPackageReference "SwiftMediaMetadata" */;
			productName = SwiftMediaMetadata;
		};
		B66A13BC50FAC5260C223549 /* SwiftMediaMetadata */ = {
			isa = XCSwiftPackageProductDependency;
			package = 47A340CB654175647D0B776D /* XCRemoteSwiftPackageReference "SwiftMediaMetadata" */;
			productName = SwiftMediaMetadata;
		};
/* End XCSwiftPackageProductDependency section */
	};
	rootObject = 30B6AFF73EC261E9E5C611F4 /* Project object */;
}
